
Microsoft Visual Studio Solution File, Format Version 12.00
# Visual Studio 15
VisualStudioVersion = 15.0.28307.136
MinimumVisualStudioVersion = 10.0.40219.1
Project("{FAE04EC0-301F-11D3-BF4B-00C04F79EFBC}") = "WindowsFormsApp8", "WindowsFormsApp8\WindowsFormsApp8.csproj", "{37A4F545-ED99-412A-B89B-95CD9FD28F4B}"
EndProject
Global
	GlobalSection(SolutionConfigurationPlatforms) = preSolution
		Debug|Any CPU = Debug|Any CPU
		Release|Any CPU = Release|Any CPU
	EndGlobalSection
	GlobalSection(ProjectConfigurationPlatforms) = postSolution
		{37A4F545-ED99-412A-B89B-95CD9FD28F4B}.Debug|Any CPU.ActiveCfg = Debug|Any CPU
		{37A4F545-ED99-412A-B89B-95CD9FD28F4B}.Debug|Any CPU.Build.0 = Debug|Any CPU
		{37A4F545-ED99-412A-B89B-95CD9FD28F4B}.Release|Any CPU.ActiveCfg = Release|Any CPU
		{37A4F545-ED99-412A-B89B-95CD9FD28F4B}.Release|Any CPU.Build.0 = Release|Any CPU
	EndGlobalSection
	GlobalSection(SolutionProperties) = preSolution
		HideSolutionNode = FALSE
	EndGlobalSection
	GlobalSection(ExtensibilityGlobals) = postSolution
		SolutionGuid = {C265241C-EE22-4451-BD04-C4C26618752B}
	EndGlobalSection
EndGlobal
